
Microsoft Visual Studio Solution File, Format Version 12.00
# Visual Studio Version 17
VisualStudioVersion = 17.13.35913.81 d17.13
MinimumVisualStudioVersion = 10.0.40219.1
Project("{2150E333-8FDC-42A3-9474-1A3956D46DE8}") = "src", "src", "{02EA681E-C7D8-13C7-8484-4AC65E1B71E8}"
EndProject
Project("{FAE04EC0-301F-11D3-BF4B-00C04F79EFBC}") = "Domain", "Domain\Domain.csproj", "{C8AF2431-B29E-4C5D-8381-64688D759AD7}"
EndProject
Project("{FAE04EC0-301F-11D3-BF4B-00C04F79EFBC}") = "Aplication", "Aplication\Aplication.csproj", "{F2160DE6-0AE5-4B44-9E03-523FAF2CEED9}"
EndProject
Project("{FAE04EC0-301F-11D3-BF4B-00C04F79EFBC}") = "Infraestructure", "Infraestructure\Infraestructure.csproj", "{8C5CBB45-4A27-4109-B373-B21D794700FC}"
EndProject
Project("{FAE04EC0-301F-11D3-BF4B-00C04F79EFBC}") = "GestionPedidosAPI", "GestionPedidosAPI\GestionPedidosAPI.csproj", "{A2D75F3D-2437-47AF-99E2-12C19E211B6C}"
EndProject
Project("{2150E333-8FDC-42A3-9474-1A3956D46DE8}") = "docs", "docs", "{8C390C1A-EC10-4D4A-803D-D759578EFD9B}"
	ProjectSection(SolutionItems) = preProject
		README.md = README.md
	EndProjectSection
EndProject
Project("{2150E333-8FDC-42A3-9474-1A3956D46DE8}") = "test", "test", "{0A172DBD-BC63-4945-8CA8-A7033DA08FD9}"
EndProject
Project("{FAE04EC0-301F-11D3-BF4B-00C04F79EFBC}") = "GestionPedidos.Tests.Unit", "GestionPedidos.Tests.Unit\GestionPedidos.Tests.Unit.csproj", "{7A9500A9-BABE-492A-8354-EC9794F21E2A}"
EndProject
Global
	GlobalSection(SolutionConfigurationPlatforms) = preSolution
		Debug|Any CPU = Debug|Any CPU
		Release|Any CPU = Release|Any CPU
	EndGlobalSection
	GlobalSection(ProjectConfigurationPlatforms) = postSolution
		{C8AF2431-B29E-4C5D-8381-64688D759AD7}.Debug|Any CPU.ActiveCfg = Debug|Any CPU
		{C8AF2431-B29E-4C5D-8381-64688D759AD7}.Debug|Any CPU.Build.0 = Debug|Any CPU
		{C8AF2431-B29E-4C5D-8381-64688D759AD7}.Release|Any CPU.ActiveCfg = Release|Any CPU
		{C8AF2431-B29E-4C5D-8381-64688D759AD7}.Release|Any CPU.Build.0 = Release|Any CPU
		{F2160DE6-0AE5-4B44-9E03-523FAF2CEED9}.Debug|Any CPU.ActiveCfg = Debug|Any CPU
		{F2160DE6-0AE5-4B44-9E03-523FAF2CEED9}.Debug|Any CPU.Build.0 = Debug|Any CPU
		{F2160DE6-0AE5-4B44-9E03-523FAF2CEED9}.Release|Any CPU.ActiveCfg = Release|Any CPU
		{F2160DE6-0AE5-4B44-9E03-523FAF2CEED9}.Release|Any CPU.Build.0 = Release|Any CPU
		{8C5CBB45-4A27-4109-B373-B21D794700FC}.Debug|Any CPU.ActiveCfg = Debug|Any CPU
		{8C5CBB45-4A27-4109-B373-B21D794700FC}.Debug|Any CPU.Build.0 = Debug|Any CPU
		{8C5CBB45-4A27-4109-B373-B21D794700FC}.Release|Any CPU.ActiveCfg = Release|Any CPU
		{8C5CBB45-4A27-4109-B373-B21D794700FC}.Release|Any CPU.Build.0 = Release|Any CPU
		{A2D75F3D-2437-47AF-99E2-12C19E211B6C}.Debug|Any CPU.ActiveCfg = Debug|Any CPU
		{A2D75F3D-2437-47AF-99E2-12C19E211B6C}.Debug|Any CPU.Build.0 = Debug|Any CPU
		{A2D75F3D-2437-47AF-99E2-12C19E211B6C}.Release|Any CPU.ActiveCfg = Release|Any CPU
		{A2D75F3D-2437-47AF-99E2-12C19E211B6C}.Release|Any CPU.Build.0 = Release|Any CPU
		{7A9500A9-BABE-492A-8354-EC9794F21E2A}.Debug|Any CPU.ActiveCfg = Debug|Any CPU
		{7A9500A9-BABE-492A-8354-EC9794F21E2A}.Debug|Any CPU.Build.0 = Debug|Any CPU
		{7A9500A9-BABE-492A-8354-EC9794F21E2A}.Release|Any CPU.ActiveCfg = Release|Any CPU
		{7A9500A9-BABE-492A-8354-EC9794F21E2A}.Release|Any CPU.Build.0 = Release|Any CPU
	EndGlobalSection
	GlobalSection(SolutionProperties) = preSolution
		HideSolutionNode = FALSE
	EndGlobalSection
	GlobalSection(NestedProjects) = preSolution
		{C8AF2431-B29E-4C5D-8381-64688D759AD7} = {02EA681E-C7D8-13C7-8484-4AC65E1B71E8}
		{F2160DE6-0AE5-4B44-9E03-523FAF2CEED9} = {02EA681E-C7D8-13C7-8484-4AC65E1B71E8}
		{8C5CBB45-4A27-4109-B373-B21D794700FC} = {02EA681E-C7D8-13C7-8484-4AC65E1B71E8}
		{A2D75F3D-2437-47AF-99E2-12C19E211B6C} = {02EA681E-C7D8-13C7-8484-4AC65E1B71E8}
		{7A9500A9-BABE-492A-8354-EC9794F21E2A} = {0A172DBD-BC63-4945-8CA8-A7033DA08FD9}
	EndGlobalSection
	GlobalSection(ExtensibilityGlobals) = postSolution
		SolutionGuid = {16309224-8B07-4191-B145-8C76385EEBC1}
	EndGlobalSection
EndGlobal
